// !$*UTF8*$!
{
	archiveVersion = 1;
	classes = {
	};
	objectVersion = 55;
	objects = {

/* Begin PBXBuildFile section */
		D84DEF58271BC72B005E1BAF /* AppDelegate.swift in Sources */ = {isa = PBXBuildFile; fileRef = D84DEF57271BC72B005E1BAF /* AppDelegate.swift */; };
		D84DEF5A271BC72B005E1BAF /* SceneDelegate.swift in Sources */ = {isa = PBXBuildFile; fileRef = D84DEF59271BC72B005E1BAF /* SceneDelegate.swift */; };
		D84DEF5C271BC72B005E1BAF /* ViewController.swift in Sources */ = {isa = PBXBuildFile; fileRef = D84DEF5B271BC72B005E1BAF /* ViewController.swift */; };
		D84DEF5F271BC72B005E1BAF /* Main.storyboard in Resources */ = {isa = PBXBuildFile; fileRef = D84DEF5D271BC72B005E1BAF /* Main.storyboard */; };
		D84DEF61271BC72C005E1BAF /* Assets.xcassets in Resources */ = {isa = PBXBuildFile; fileRef = D84DEF60271BC72C005E1BAF /* Assets.xcassets */; };
		D84DEF64271BC72C005E1BAF /* LaunchScreen.storyboard in Resources */ = {isa = PBXBuildFile; fileRef = D84DEF62271BC72C005E1BAF /* LaunchScreen.storyboard */; };
		D84DEF6F271BC72D005E1BAF /* ui_testTests.swift in Sources */ = {isa = PBXBuildFile; fileRef = D84DEF6E271BC72D005E1BAF /* ui_testTests.swift */; };
		D84DEF79271BC72D005E1BAF /* ui_testUITests.swift in Sources */ = {isa = PBXBuildFile; fileRef = D84DEF78271BC72D005E1BAF /* ui_testUITests.swift */; };
		D84DEF7B271BC72D005E1BAF /* ui_testUITestsLaunchTests.swift in Sources */ = {isa = PBXBuildFile; fileRef = D84DEF7A271BC72D005E1BAF /* ui_testUITestsLaunchTests.swift */; };
		D84DEF88271BCDC5005E1BAF /* PageDemoViewController.swift in Sources */ = {isa = PBXBuildFile; fileRef = D84DEF87271BCDC5005E1BAF /* PageDemoViewController.swift */; };
		D84DEF8B271BCE7F005E1BAF /* PageAViewController.swift in Sources */ = {isa = PBXBuildFile; fileRef = D84DEF8A271BCE7F005E1BAF /* PageAViewController.swift */; };
		D84DEF8D271BCE8A005E1BAF /* PageBViewController.swift in Sources */ = {isa = PBXBuildFile; fileRef = D84DEF8C271BCE8A005E1BAF /* PageBViewController.swift */; };
		D84DEF8F271BCE98005E1BAF /* PageCViewController.swift in Sources */ = {isa = PBXBuildFile; fileRef = D84DEF8E271BCE98005E1BAF /* PageCViewController.swift */; };
		D84DEF91271BD047005E1BAF /* PageViewViewController.swift in Sources */ = {isa = PBXBuildFile; fileRef = D84DEF90271BD047005E1BAF /* PageViewViewController.swift */; };
/* End PBXBuildFile section */

/* Begin PBXContainerItemProxy section */
		D84DEF6B271BC72D005E1BAF /* PBXContainerItemProxy */ = {
			isa = PBXContainerItemProxy;
			containerPortal = D84DEF4C271BC72B005E1BAF /* Project object */;
			proxyType = 1;
			remoteGlobalIDString = D84DEF53271BC72B005E1BAF;
			remoteInfo = "ui-test";
		};
		D84DEF75271BC72D005E1BAF /* PBXContainerItemProxy */ = {
			isa = PBXContainerItemProxy;
			containerPortal = D84DEF4C271BC72B005E1BAF /* Project object */;
			proxyType = 1;
			remoteGlobalIDString = D84DEF53271BC72B005E1BAF;
			remoteInfo = "ui-test";
		};
/* End PBXContainerItemProxy section */

/* Begin PBXFileReference section */
		D84DEF54271BC72B005E1BAF /* ui-test.app */ = {isa = PBXFileReference; explicitFileType = wrapper.application; includeInIndex = 0; path = "ui-test.app"; sourceTree = BUILT_PRODUCTS_DIR; };
		D84DEF57271BC72B005E1BAF /* AppDelegate.swift */ = {isa = PBXFileReference; lastKnownFileType = sourcecode.swift; path = AppDelegate.swift; sourceTree = "<group>"; };
		D84DEF59271BC72B005E1BAF /* SceneDelegate.swift */ = {isa = PBXFileReference; lastKnownFileType = sourcecode.swift; path = SceneDelegate.swift; sourceTree = "<group>"; };
		D84DEF5B271BC72B005E1BAF /* ViewController.swift */ = {isa = PBXFileReference; lastKnownFileType = sourcecode.swift; path = ViewController.swift; sourceTree = "<group>"; };
		D84DEF5E271BC72B005E1BAF /* Base */ = {isa = PBXFileReference; lastKnownFileType = file.storyboard; name = Base; path = Base.lproj/Main.storyboard; sourceTree = "<group>"; };
		D84DEF60271BC72C005E1BAF /* Assets.xcassets */ = {isa = PBXFileReference; lastKnownFileType = folder.assetcatalog; path = Assets.xcassets; sourceTree = "<group>"; };
		D84DEF63271BC72C005E1BAF /* Base */ = {isa = PBXFileReference; lastKnownFileType = file.storyboard; name = Base; path = Base.lproj/LaunchScreen.storyboard; sourceTree = "<group>"; };
		D84DEF65271BC72C005E1BAF /* Info.plist */ = {isa = PBXFileReference; lastKnownFileType = text.plist.xml; path = Info.plist; sourceTree = "<group>"; };
		D84DEF6A271BC72D005E1BAF /* ui-testTests.xctest */ = {isa = PBXFileReference; explicitFileType = wrapper.cfbundle; includeInIndex = 0; path = "ui-testTests.xctest"; sourceTree = BUILT_PRODUCTS_DIR; };
		D84DEF6E271BC72D005E1BAF /* ui_testTests.swift */ = {isa = PBXFileReference; lastKnownFileType = sourcecode.swift; path = ui_testTests.swift; sourceTree = "<group>"; };
		D84DEF74271BC72D005E1BAF /* ui-testUITests.xctest */ = {isa = PBXFileReference; explicitFileType = wrapper.cfbundle; includeInIndex = 0; path = "ui-testUITests.xctest"; sourceTree = BUILT_PRODUCTS_DIR; };
		D84DEF78271BC72D005E1BAF /* ui_testUITests.swift */ = {isa = PBXFileReference; lastKnownFileType = sourcecode.swift; path = ui_testUITests.swift; sourceTree = "<group>"; };
		D84DEF7A271BC72D005E1BAF /* ui_testUITestsLaunchTests.swift */ = {isa = PBXFileReference; lastKnownFileType = sourcecode.swift; path = ui_testUITestsLaunchTests.swift; sourceTree = "<group>"; };
		D84DEF87271BCDC5005E1BAF /* PageDemoViewController.swift */ = {isa = PBXFileReference; lastKnownFileType = sourcecode.swift; path = PageDemoViewController.swift; sourceTree = "<group>"; };
		D84DEF8A271BCE7F005E1BAF /* PageAViewController.swift */ = {isa = PBXFileReference; lastKnownFileType = sourcecode.swift; path = PageAViewController.swift; sourceTree = "<group>"; };
		D84DEF8C271BCE8A005E1BAF /* PageBViewController.swift */ = {isa = PBXFileReference; lastKnownFileType = sourcecode.swift; path = PageBViewController.swift; sourceTree = "<group>"; };
		D84DEF8E271BCE98005E1BAF /* PageCViewController.swift */ = {isa = PBXFileReference; lastKnownFileType = sourcecode.swift; path = PageCViewController.swift; sourceTree = "<group>"; };
		D84DEF90271BD047005E1BAF /* PageViewViewController.swift */ = {isa = PBXFileReference; lastKnownFileType = sourcecode.swift; path = PageViewViewController.swift; sourceTree = "<group>"; };
/* End PBXFileReference section */

/* Begin PBXFrameworksBuildPhase section */
		D84DEF51271BC72B005E1BAF /* Frameworks */ = {
			isa = PBXFrameworksBuildPhase;
			buildActionMask = 2147483647;
			files = (
			);
			runOnlyForDeploymentPostprocessing = 0;
		};
		D84DEF67271BC72D005E1BAF /* Frameworks */ = {
			isa = PBXFrameworksBuildPhase;
			buildActionMask = 2147483647;
			files = (
			);
			runOnlyForDeploymentPostprocessing = 0;
		};
		D84DEF71271BC72D005E1BAF /* Frameworks */ = {
			isa = PBXFrameworksBuildPhase;
			buildActionMask = 2147483647;
			files = (
			);
			runOnlyForDeploymentPostprocessing = 0;
		};
/* End PBXFrameworksBuildPhase section */

/* Begin PBXGroup section */
		D84DEF4B271BC72B005E1BAF = {
			isa = PBXGroup;
			children = (
				D84DEF56271BC72B005E1BAF /* ui-test */,
				D84DEF6D271BC72D005E1BAF /* ui-testTests */,
				D84DEF77271BC72D005E1BAF /* ui-testUITests */,
				D84DEF55271BC72B005E1BAF /* Products */,
			);
			sourceTree = "<group>";
		};
		D84DEF55271BC72B005E1BAF /* Products */ = {
			isa = PBXGroup;
			children = (
				D84DEF54271BC72B005E1BAF /* ui-test.app */,
				D84DEF6A271BC72D005E1BAF /* ui-testTests.xctest */,
				D84DEF74271BC72D005E1BAF /* ui-testUITests.xctest */,
			);
			name = Products;
			sourceTree = "<group>";
		};
		D84DEF56271BC72B005E1BAF /* ui-test */ = {
			isa = PBXGroup;
			children = (
				D84DEF57271BC72B005E1BAF /* AppDelegate.swift */,
				D84DEF59271BC72B005E1BAF /* SceneDelegate.swift */,
				D84DEF5B271BC72B005E1BAF /* ViewController.swift */,
				D84DEF90271BD047005E1BAF /* PageViewViewController.swift */,
				D84DEF89271BCE6C005E1BAF /* Page */,
				D84DEF5D271BC72B005E1BAF /* Main.storyboard */,
				D84DEF60271BC72C005E1BAF /* Assets.xcassets */,
				D84DEF62271BC72C005E1BAF /* LaunchScreen.storyboard */,
				D84DEF65271BC72C005E1BAF /* Info.plist */,
			);
			path = "ui-test";
			sourceTree = "<group>";
		};
		D84DEF6D271BC72D005E1BAF /* ui-testTests */ = {
			isa = PBXGroup;
			children = (
				D84DEF6E271BC72D005E1BAF /* ui_testTests.swift */,
			);
			path = "ui-testTests";
			sourceTree = "<group>";
		};
		D84DEF77271BC72D005E1BAF /* ui-testUITests */ = {
			isa = PBXGroup;
			children = (
				D84DEF78271BC72D005E1BAF /* ui_testUITests.swift */,
				D84DEF7A271BC72D005E1BAF /* ui_testUITestsLaunchTests.swift */,
			);
			path = "ui-testUITests";
			sourceTree = "<group>";
		};
		D84DEF89271BCE6C005E1BAF /* Page */ = {
			isa = PBXGroup;
			children = (
				D84DEF87271BCDC5005E1BAF /* PageDemoViewController.swift */,
				D84DEF8A271BCE7F005E1BAF /* PageAViewController.swift */,
				D84DEF8C271BCE8A005E1BAF /* PageBViewController.swift */,
				D84DEF8E271BCE98005E1BAF /* PageCViewController.swift */,
			);
			path = Page;
			sourceTree = "<group>";
		};
/* End PBXGroup section */

/* Begin PBXNativeTarget section */
		D84DEF53271BC72B005E1BAF /* ui-test */ = {
			isa = PBXNativeTarget;
			buildConfigurationList = D84DEF7E271BC72D005E1BAF /* Build configuration list for PBXNativeTarget "ui-test" */;
			buildPhases = (
				D84DEF50271BC72B005E1BAF /* Sources */,
				D84DEF51271BC72B005E1BAF /* Frameworks */,
				D84DEF52271BC72B005E1BAF /* Resources */,
			);
			buildRules = (
			);
			dependencies = (
			);
			name = "ui-test";
			productName = "ui-test";
			productReference = D84DEF54271BC72B005E1BAF /* ui-test.app */;
			productType = "com.apple.product-type.application";
		};
		D84DEF69271BC72D005E1BAF /* ui-testTests */ = {
			isa = PBXNativeTarget;
			buildConfigurationList = D84DEF81271BC72D005E1BAF /* Build configuration list for PBXNativeTarget "ui-testTests" */;
			buildPhases = (
				D84DEF66271BC72D005E1BAF /* Sources */,
				D84DEF67271BC72D005E1BAF /* Frameworks */,
				D84DEF68271BC72D005E1BAF /* Resources */,
			);
			buildRules = (
			);
			dependencies = (
				D84DEF6C271BC72D005E1BAF /* PBXTargetDependency */,
			);
			name = "ui-testTests";
			productName = "ui-testTests";
			productReference = D84DEF6A271BC72D005E1BAF /* ui-testTests.xctest */;
			productType = "com.apple.product-type.bundle.unit-test";
		};
		D84DEF73271BC72D005E1BAF /* ui-testUITests */ = {
			isa = PBXNativeTarget;
			buildConfigurationList = D84DEF84271BC72D005E1BAF /* Build configuration list for PBXNativeTarget "ui-testUITests" */;
			buildPhases = (
				D84DEF70271BC72D005E1BAF /* Sources */,
				D84DEF71271BC72D005E1BAF /* Frameworks */,
				D84DEF72271BC72D005E1BAF /* Resources */,
			);
			buildRules = (
			);
			dependencies = (
				D84DEF76271BC72D005E1BAF /* PBXTargetDependency */,
			);
			name = "ui-testUITests";
			productName = "ui-testUITests";
			productReference = D84DEF74271BC72D005E1BAF /* ui-testUITests.xctest */;
			productType = "com.apple.product-type.bundle.ui-testing";
		};
/* End PBXNativeTarget section */

/* Begin PBXProject section */
		D84DEF4C271BC72B005E1BAF /* Project object */ = {
			isa = PBXProject;
			attributes = {
				BuildIndependentTargetsInParallel = 1;
				LastSwiftUpdateCheck = 1300;
				LastUpgradeCheck = 1300;
				TargetAttributes = {
					D84DEF53271BC72B005E1BAF = {
						CreatedOnToolsVersion = 13.0;
					};
					D84DEF69271BC72D005E1BAF = {
						CreatedOnToolsVersion = 13.0;
						TestTargetID = D84DEF53271BC72B005E1BAF;
					};
					D84DEF73271BC72D005E1BAF = {
						CreatedOnToolsVersion = 13.0;
						TestTargetID = D84DEF53271BC72B005E1BAF;
					};
				};
			};
			buildConfigurationList = D84DEF4F271BC72B005E1BAF /* Build configuration list for PBXProject "ui-test" */;
			compatibilityVersion = "Xcode 13.0";
			developmentRegion = en;
			hasScannedForEncodings = 0;
			knownRegions = (
				en,
				Base,
			);
			mainGroup = D84DEF4B271BC72B005E1BAF;
			productRefGroup = D84DEF55271BC72B005E1BAF /* Products */;
			projectDirPath = "";
			projectRoot = "";
			targets = (
				D84DEF53271BC72B005E1BAF /* ui-test */,
				D84DEF69271BC72D005E1BAF /* ui-testTests */,
				D84DEF73271BC72D005E1BAF /* ui-testUITests */,
			);
		};
/* End PBXProject section */

/* Begin PBXResourcesBuildPhase section */
		D84DEF52271BC72B005E1BAF /* Resources */ = {
			isa = PBXResourcesBuildPhase;
			buildActionMask = 2147483647;
			files = (
				D84DEF64271BC72C005E1BAF /* LaunchScreen.storyboard in Resources */,
				D84DEF61271BC72C005E1BAF /* Assets.xcassets in Resources */,
				D84DEF5F271BC72B005E1BAF /* Main.storyboard in Resources */,
			);
			runOnlyForDeploymentPostprocessing = 0;
		};
		D84DEF68271BC72D005E1BAF /* Resources */ = {
			isa = PBXResourcesBuildPhase;
			buildActionMask = 2147483647;
			files = (
			);
			runOnlyForDeploymentPostprocessing = 0;
		};
		D84DEF72271BC72D005E1BAF /* Resources */ = {
			isa = PBXResourcesBuildPhase;
			buildActionMask = 2147483647;
			files = (
			);
			runOnlyForDeploymentPostprocessing = 0;
		};
/* End PBXResourcesBuildPhase section */

/* Begin PBXSourcesBuildPhase section */
		D84DEF50271BC72B005E1BAF /* Sources */ = {
			isa = PBXSourcesBuildPhase;
			buildActionMask = 2147483647;
			files = (
				D84DEF8D271BCE8A005E1BAF /* PageBViewController.swift in Sources */,
				D84DEF8F271BCE98005E1BAF /* PageCViewController.swift in Sources */,
				D84DEF88271BCDC5005E1BAF /* PageDemoViewController.swift in Sources */,
				D84DEF5C271BC72B005E1BAF /* ViewController.swift in Sources */,
				D84DEF8B271BCE7F005E1BAF /* PageAViewController.swift in Sources */,
				D84DEF58271BC72B005E1BAF /* AppDelegate.swift in Sources */,
				D84DEF91271BD047005E1BAF /* PageViewViewController.swift in Sources */,
				D84DEF5A271BC72B005E1BAF /* SceneDelegate.swift in Sources */,
			);
			runOnlyForDeploymentPostprocessing = 0;
		};
		D84DEF66271BC72D005E1BAF /* Sources */ = {
			isa = PBXSourcesBuildPhase;
			buildActionMask = 2147483647;
			files = (
				D84DEF6F271BC72D005E1BAF /* ui_testTests.swift in Sources */,
			);
			runOnlyForDeploymentPostprocessing = 0;
		};
		D84DEF70271BC72D005E1BAF /* Sources */ = {
			isa = PBXSourcesBuildPhase;
			buildActionMask = 2147483647;
			files = (
				D84DEF7B271BC72D005E1BAF /* ui_testUITestsLaunchTests.swift in Sources */,
				D84DEF79271BC72D005E1BAF /* ui_testUITests.swift in Sources */,
			);
			runOnlyForDeploymentPostprocessing = 0;
		};
/* End PBXSourcesBuildPhase section */

/* Begin PBXTargetDependency section */
		D84DEF6C271BC72D005E1BAF /* PBXTargetDependency */ = {
			isa = PBXTargetDependency;
			target = D84DEF53271BC72B005E1BAF /* ui-test */;
			targetProxy = D84DEF6B271BC72D005E1BAF /* PBXContainerItemProxy */;
		};
		D84DEF76271BC72D005E1BAF /* PBXTargetDependency */ = {
			isa = PBXTargetDependency;
			target = D84DEF53271BC72B005E1BAF /* ui-test */;
			targetProxy = D84DEF75271BC72D005E1BAF /* PBXContainerItemProxy */;
		};
/* End PBXTargetDependency section */

/* Begin PBXVariantGroup section */
		D84DEF5D271BC72B005E1BAF /* Main.storyboard */ = {
			isa = PBXVariantGroup;
			children = (
				D84DEF5E271BC72B005E1BAF /* Base */,
			);
			name = Main.storyboard;
			sourceTree = "<group>";
		};
		D84DEF62271BC72C005E1BAF /* LaunchScreen.storyboard */ = {
			isa = PBXVariantGroup;
			children = (
				D84DEF63271BC72C005E1BAF /* Base */,
			);
			name = LaunchScreen.storyboard;
			sourceTree = "<group>";
		};
/* End PBXVariantGroup section */

/* Begin XCBuildConfiguration section */
		D84DEF7C271BC72D005E1BAF /* Debug */ = {
			isa = XCBuildConfiguration;
			buildSettings = {
				ALWAYS_SEARCH_USER_PATHS = NO;
				CLANG_ANALYZER_NONNULL = YES;
				CLANG_ANALYZER_NUMBER_OBJECT_CONVERSION = YES_AGGRESSIVE;
				CLANG_CXX_LANGUAGE_STANDARD = "gnu++17";
				CLANG_CXX_LIBRARY = "libc++";
				CLANG_ENABLE_MODULES = YES;
				CLANG_ENABLE_OBJC_ARC = YES;
				CLANG_ENABLE_OBJC_WEAK = YES;
				CLANG_WARN_BLOCK_CAPTURE_AUTORELEASING = YES;
				CLANG_WARN_BOOL_CONVERSION = YES;
				CLANG_WARN_COMMA = YES;
				CLANG_WARN_CONSTANT_CONVERSION = YES;
				CLANG_WARN_DEPRECATED_OBJC_IMPLEMENTATIONS = YES;
				CLANG_WARN_DIRECT_OBJC_ISA_USAGE = YES_ERROR;
				CLANG_WARN_DOCUMENTATION_COMMENTS = YES;
				CLANG_WARN_EMPTY_BODY = YES;
				CLANG_WARN_ENUM_CONVERSION = YES;
				CLANG_WARN_INFINITE_RECURSION = YES;
				CLANG_WARN_INT_CONVERSION = YES;
				CLANG_WARN_NON_LITERAL_NULL_CONVERSION = YES;
				CLANG_WARN_OBJC_IMPLICIT_RETAIN_SELF = YES;
				CLANG_WARN_OBJC_LITERAL_CONVERSION = YES;
				CLANG_WARN_OBJC_ROOT_CLASS = YES_ERROR;
				CLANG_WARN_QUOTED_INCLUDE_IN_FRAMEWORK_HEADER = YES;
				CLANG_WARN_RANGE_LOOP_ANALYSIS = YES;
				CLANG_WARN_STRICT_PROTOTYPES = YES;
				CLANG_WARN_SUSPICIOUS_MOVE = YES;
				CLANG_WARN_UNGUARDED_AVAILABILITY = YES_AGGRESSIVE;
				CLANG_WARN_UNREACHABLE_CODE = YES;
				CLANG_WARN__DUPLICATE_METHOD_MATCH = YES;
				COPY_PHASE_STRIP = NO;
				DEBUG_INFORMATION_FORMAT = dwarf;
				ENABLE_STRICT_OBJC_MSGSEND = YES;
				ENABLE_TESTABILITY = YES;
				GCC_C_LANGUAGE_STANDARD = gnu11;
				GCC_DYNAMIC_NO_PIC = NO;
				GCC_NO_COMMON_BLOCKS = YES;
				GCC_OPTIMIZATION_LEVEL = 0;
				GCC_PREPROCESSOR_DEFINITIONS = (
					"DEBUG=1",
					"$(inherited)",
				);
				GCC_WARN_64_TO_32_BIT_CONVERSION = YES;
				GCC_WARN_ABOUT_RETURN_TYPE = YES_ERROR;
				GCC_WARN_UNDECLARED_SELECTOR = YES;
				GCC_WARN_UNINITIALIZED_AUTOS = YES_AGGRESSIVE;
				GCC_WARN_UNUSED_FUNCTION = YES;
				GCC_WARN_UNUSED_VARIABLE = YES;
				IPHONEOS_DEPLOYMENT_TARGET = 15.0;
				MTL_ENABLE_DEBUG_INFO = INCLUDE_SOURCE;
				MTL_FAST_MATH = YES;
				ONLY_ACTIVE_ARCH = YES;
				SDKROOT = iphoneos;
				SWIFT_ACTIVE_COMPILATION_CONDITIONS = DEBUG;
				SWIFT_OPTIMIZATION_LEVEL = "-Onone";
			};
			name = Debug;
		};
		D84DEF7D271BC72D005E1BAF /* Release */ = {
			isa = XCBuildConfiguration;
			buildSettings = {
				ALWAYS_SEARCH_USER_PATHS = NO;
				CLANG_ANALYZER_NONNULL = YES;
				CLANG_ANALYZER_NUMBER_OBJECT_CONVERSION = YES_AGGRESSIVE;
				CLANG_CXX_LANGUAGE_STANDARD = "gnu++17";
				CLANG_CXX_LIBRARY = "libc++";
				CLANG_ENABLE_MODULES = YES;
				CLANG_ENABLE_OBJC_ARC = YES;
				CLANG_ENABLE_OBJC_WEAK = YES;
				CLANG_WARN_BLOCK_CAPTURE_AUTORELEASING = YES;
				CLANG_WARN_BOOL_CONVERSION = YES;
				CLANG_WARN_COMMA = YES;
				CLANG_WARN_CONSTANT_CONVERSION = YES;
				CLANG_WARN_DEPRECATED_OBJC_IMPLEMENTATIONS = YES;
				CLANG_WARN_DIRECT_OBJC_ISA_USAGE = YES_ERROR;
				CLANG_WARN_DOCUMENTATION_COMMENTS = YES;
				CLANG_WARN_EMPTY_BODY = YES;
				CLANG_WARN_ENUM_CONVERSION = YES;
				CLANG_WARN_INFINITE_RECURSION = YES;
				CLANG_WARN_INT_CONVERSION = YES;
				CLANG_WARN_NON_LITERAL_NULL_CONVERSION = YES;
				CLANG_WARN_OBJC_IMPLICIT_RETAIN_SELF = YES;
				CLANG_WARN_OBJC_LITERAL_CONVERSION = YES;
				CLANG_WARN_OBJC_ROOT_CLASS = YES_ERROR;
				CLANG_WARN_QUOTED_INCLUDE_IN_FRAMEWORK_HEADER = YES;
				CLANG_WARN_RANGE_LOOP_ANALYSIS = YES;
				CLANG_WARN_STRICT_PROTOTYPES = YES;
				CLANG_WARN_SUSPICIOUS_MOVE = YES;
				CLANG_WARN_UNGUARDED_AVAILABILITY = YES_AGGRESSIVE;
				CLANG_WARN_UNREACHABLE_CODE = YES;
				CLANG_WARN__DUPLICATE_METHOD_MATCH = YES;
				COPY_PHASE_STRIP = NO;
				DEBUG_INFORMATION_FORMAT = "dwarf-with-dsym";
				ENABLE_NS_ASSERTIONS = NO;
				ENABLE_STRICT_OBJC_MSGSEND = YES;
				GCC_C_LANGUAGE_STANDARD = gnu11;
				GCC_NO_COMMON_BLOCKS = YES;
				GCC_WARN_64_TO_32_BIT_CONVERSION = YES;
				GCC_WARN_ABOUT_RETURN_TYPE = YES_ERROR;
				GCC_WARN_UNDECLARED_SELECTOR = YES;
				GCC_WARN_UNINITIALIZED_AUTOS = YES_AGGRESSIVE;
				GCC_WARN_UNUSED_FUNCTION = YES;
				GCC_WARN_UNUSED_VARIABLE = YES;
				IPHONEOS_DEPLOYMENT_TARGET = 15.0;
				MTL_ENABLE_DEBUG_INFO = NO;
				MTL_FAST_MATH = YES;
				SDKROOT = iphoneos;
				SWIFT_COMPILATION_MODE = wholemodule;
				SWIFT_OPTIMIZATION_LEVEL = "-O";
				VALIDATE_PRODUCT = YES;
			};
			name = Release;
		};
		D84DEF7F271BC72D005E1BAF /* Debug */ = {
			isa = XCBuildConfiguration;
			buildSettings = {
				ASSETCATALOG_COMPILER_APPICON_NAME = AppIcon;
				ASSETCATALOG_COMPILER_GLOBAL_ACCENT_COLOR_NAME = AccentColor;
				CODE_SIGN_STYLE = Automatic;
				CURRENT_PROJECT_VERSION = 1;
				DEVELOPMENT_TEAM = UVTA4V7W4B;
				GENERATE_INFOPLIST_FILE = YES;
				INFOPLIST_FILE = "ui-test/Info.plist";
				INFOPLIST_KEY_UIApplicationSupportsIndirectInputEvents = YES;
				INFOPLIST_KEY_UILaunchStoryboardName = LaunchScreen;
				INFOPLIST_KEY_UIMainStoryboardFile = Main;
				INFOPLIST_KEY_UISupportedInterfaceOrientations_iPad = "UIInterfaceOrientationPortrait UIInterfaceOrientationPortraitUpsideDown UIInterfaceOrientationLandscapeLeft UIInterfaceOrientationLandscapeRight";
				INFOPLIST_KEY_UISupportedInterfaceOrientations_iPhone = "UIInterfaceOrientationPortrait UIInterfaceOrientationLandscapeLeft UIInterfaceOrientationLandscapeRight";
				LD_RUNPATH_SEARCH_PATHS = (
					"$(inherited)",
					"@executable_path/Frameworks",
				);
				MARKETING_VERSION = 1.0;
				PRODUCT_BUNDLE_IDENTIFIER = "com.kshrd.ui-test";
				PRODUCT_NAME = "$(TARGET_NAME)";
				SWIFT_EMIT_LOC_STRINGS = YES;
				SWIFT_VERSION = 5.0;
				TARGETED_DEVICE_FAMILY = "1,2";
			};
			name = Debug;
		};
		D84DEF80271BC72D005E1BAF /* Release */ = {
			isa = XCBuildConfiguration;
			buildSettings = {
				ASSETCATALOG_COMPILER_APPICON_NAME = AppIcon;
				ASSETCATALOG_COMPILER_GLOBAL_ACCENT_COLOR_NAME = AccentColor;
				CODE_SIGN_STYLE = Automatic;
				CURRENT_PROJECT_VERSION = 1;
				DEVELOPMENT_TEAM = UVTA4V7W4B;
				GENERATE_INFOPLIST_FILE = YES;
				INFOPLIST_FILE = "ui-test/Info.plist";
				INFOPLIST_KEY_UIApplicationSupportsIndirectInputEvents = YES;
				INFOPLIST_KEY_UILaunchStoryboardName = LaunchScreen;
				INFOPLIST_KEY_UIMainStoryboardFile = Main;
				INFOPLIST_KEY_UISupportedInterfaceOrientations_iPad = "UIInterfaceOrientationPortrait UIInterfaceOrientationPortraitUpsideDown UIInterfaceOrientationLandscapeLeft UIInterfaceOrientationLandscapeRight";
				INFOPLIST_KEY_UISupportedInterfaceOrientations_iPhone = "UIInterfaceOrientationPortrait UIInterfaceOrientationLandscapeLeft UIInterfaceOrientationLandscapeRight";
				LD_RUNPATH_SEARCH_PATHS = (
					"$(inherited)",
					"@executable_path/Frameworks",
				);
				MARKETING_VERSION = 1.0;
				PRODUCT_BUNDLE_IDENTIFIER = "com.kshrd.ui-test";
				PRODUCT_NAME = "$(TARGET_NAME)";
				SWIFT_EMIT_LOC_STRINGS = YES;
				SWIFT_VERSION = 5.0;
				TARGETED_DEVICE_FAMILY = "1,2";
			};
			name = Release;
		};
		D84DEF82271BC72D005E1BAF /* Debug */ = {
			isa = XCBuildConfiguration;
			buildSettings = {
				ALWAYS_EMBED_SWIFT_STANDARD_LIBRARIES = YES;
				BUNDLE_LOADER = "$(TEST_HOST)";
				CODE_SIGN_STYLE = Automatic;
				CURRENT_PROJECT_VERSION = 1;
				DEVELOPMENT_TEAM = UVTA4V7W4B;
				GENERATE_INFOPLIST_FILE = YES;
				IPHONEOS_DEPLOYMENT_TARGET = 15.0;
				LD_RUNPATH_SEARCH_PATHS = (
					"$(inherited)",
					"@executable_path/Frameworks",
					"@loader_path/Frameworks",
				);
				MARKETING_VERSION = 1.0;
				PRODUCT_BUNDLE_IDENTIFIER = "com.kshrd.ui-testTests";
				PRODUCT_NAME = "$(TARGET_NAME)";
				SWIFT_EMIT_LOC_STRINGS = NO;
				SWIFT_VERSION = 5.0;
				TARGETED_DEVICE_FAMILY = "1,2";
				TEST_HOST = "$(BUILT_PRODUCTS_DIR)/ui-test.app/ui-test";
			};
			name = Debug;
		};
		D84DEF83271BC72D005E1BAF /* Release */ = {
			isa = XCBuildConfiguration;
			buildSettings = {
				ALWAYS_EMBED_SWIFT_STANDARD_LIBRARIES = YES;
				BUNDLE_LOADER = "$(TEST_HOST)";
				CODE_SIGN_STYLE = Automatic;
				CURRENT_PROJECT_VERSION = 1;
				DEVELOPMENT_TEAM = UVTA4V7W4B;
				GENERATE_INFOPLIST_FILE = YES;
				IPHONEOS_DEPLOYMENT_TARGET = 15.0;
				LD_RUNPATH_SEARCH_PATHS = (
					"$(inherited)",
					"@executable_path/Frameworks",
					"@loader_path/Frameworks",
				);
				MARKETING_VERSION = 1.0;
				PRODUCT_BUNDLE_IDENTIFIER = "com.kshrd.ui-testTests";
				PRODUCT_NAME = "$(TARGET_NAME)";
				SWIFT_EMIT_LOC_STRINGS = NO;
				SWIFT_VERSION = 5.0;
				TARGETED_DEVICE_FAMILY = "1,2";
				TEST_HOST = "$(BUILT_PRODUCTS_DIR)/ui-test.app/ui-test";
			};
			name = Release;
		};
		D84DEF85271BC72D005E1BAF /* Debug */ = {
			isa = XCBuildConfiguration;
			buildSettings = {
				ALWAYS_EMBED_SWIFT_STANDARD_LIBRARIES = YES;
				CODE_SIGN_STYLE = Automatic;
				CURRENT_PROJECT_VERSION = 1;
				DEVELOPMENT_TEAM = UVTA4V7W4B;
				GENERATE_INFOPLIST_FILE = YES;
				LD_RUNPATH_SEARCH_PATHS = (
					"$(inherited)",
					"@executable_path/Frameworks",
					"@loader_path/Frameworks",
				);
				MARKETING_VERSION = 1.0;
				PRODUCT_BUNDLE_IDENTIFIER = "com.kshrd.ui-testUITests";
				PRODUCT_NAME = "$(TARGET_NAME)";
				SWIFT_EMIT_LOC_STRINGS = NO;
				SWIFT_VERSION = 5.0;
				TARGETED_DEVICE_FAMILY = "1,2";
				TEST_TARGET_NAME = "ui-test";
			};
			name = Debug;
		};
		D84DEF86271BC72D005E1BAF /* Release */ = {
			isa = XCBuildConfiguration;
			buildSettings = {
				ALWAYS_EMBED_SWIFT_STANDARD_LIBRARIES = YES;
				CODE_SIGN_STYLE = Automatic;
				CURRENT_PROJECT_VERSION = 1;
				DEVELOPMENT_TEAM = UVTA4V7W4B;
				GENERATE_INFOPLIST_FILE = YES;
				LD_RUNPATH_SEARCH_PATHS = (
					"$(inherited)",
					"@executable_path/Frameworks",
					"@loader_path/Frameworks",
				);
				MARKETING_VERSION = 1.0;
				PRODUCT_BUNDLE_IDENTIFIER = "com.kshrd.ui-testUITests";
				PRODUCT_NAME = "$(TARGET_NAME)";
				SWIFT_EMIT_LOC_STRINGS = NO;
				SWIFT_VERSION = 5.0;
				TARGETED_DEVICE_FAMILY = "1,2";
				TEST_TARGET_NAME = "ui-test";
			};
			name = Release;
		};
/* End XCBuildConfiguration section */

/* Begin XCConfigurationList section */
		D84DEF4F271BC72B005E1BAF /* Build configuration list for PBXProject "ui-test" */ = {
			isa = XCConfigurationList;
			buildConfigurations = (
				D84DEF7C271BC72D005E1BAF /* Debug */,
				D84DEF7D271BC72D005E1BAF /* Release */,
			);
			defaultConfigurationIsVisible = 0;
			defaultConfigurationName = Release;
		};
		D84DEF7E271BC72D005E1BAF /* Build configuration list for PBXNativeTarget "ui-test" */ = {
			isa = XCConfigurationList;
			buildConfigurations = (
				D84DEF7F271BC72D005E1BAF /* Debug */,
				D84DEF80271BC72D005E1BAF /* Release */,
			);
			defaultConfigurationIsVisible = 0;
			defaultConfigurationName = Release;
		};
		D84DEF81271BC72D005E1BAF /* Build configuration list for PBXNativeTarget "ui-testTests" */ = {
			isa = XCConfigurationList;
			buildConfigurations = (
				D84DEF82271BC72D005E1BAF /* Debug */,
				D84DEF83271BC72D005E1BAF /* Release */,
			);
			defaultConfigurationIsVisible = 0;
			defaultConfigurationName = Release;
		};
		D84DEF84271BC72D005E1BAF /* Build configuration list for PBXNativeTarget "ui-testUITests" */ = {
			isa = XCConfigurationList;
			buildConfigurations = (
				D84DEF85271BC72D005E1BAF /* Debug */,
				D84DEF86271BC72D005E1BAF /* Release */,
			);
			defaultConfigurationIsVisible = 0;
			defaultConfigurationName = Release;
		};
/* End XCConfigurationList section */
	};
	rootObject = D84DEF4C271BC72B005E1BAF /* Project object */;
}
